
Microsoft Visual Studio Solution File, Format Version 12.00
# Visual Studio Version 17
VisualStudioVersion = 17.14.36915.13 d17.14
MinimumVisualStudioVersion = 10.0.40219.1
Project("{FAE04EC0-301F-11D3-BF4B-00C04F79EFBC}") = "WebUygulama.Mvc", "WebUygulama.Mvc\WebUygulama.Mvc.csproj", "{C81A6F90-BB14-4ABE-9785-6EBEB2406B9F}"
EndProject
Global
	GlobalSection(SolutionConfigurationPlatforms) = preSolution
		Debug|Any CPU = Debug|Any CPU
		Release|Any CPU = Release|Any CPU
	EndGlobalSection
	GlobalSection(ProjectConfigurationPlatforms) = postSolution
		{C81A6F90-BB14-4ABE-9785-6EBEB2406B9F}.Debug|Any CPU.ActiveCfg = Debug|Any CPU
		{C81A6F90-BB14-4ABE-9785-6EBEB2406B9F}.Debug|Any CPU.Build.0 = Debug|Any CPU
		{C81A6F90-BB14-4ABE-9785-6EBEB2406B9F}.Release|Any CPU.ActiveCfg = Release|Any CPU
		{C81A6F90-BB14-4ABE-9785-6EBEB2406B9F}.Release|Any CPU.Build.0 = Release|Any CPU
	EndGlobalSection
	GlobalSection(SolutionProperties) = preSolution
		HideSolutionNode = FALSE
	EndGlobalSection
	GlobalSection(ExtensibilityGlobals) = postSolution
		SolutionGuid = {58FF138F-AD07-4581-82D2-CF36A6CA61FC}
	EndGlobalSection
EndGlobal
